// !$*UTF8*$!
{
	archiveVersion = 1;
	classes = {
	};
	objectVersion = 55;
	objects = {

/* Begin PBXBuildFile section */
		D8387D7A288B50E900315EFE /* AppDelegate.swift in Sources */ = {isa = PBXBuildFile; fileRef = D8387D79288B50E900315EFE /* AppDelegate.swift */; };
		D8387D7C288B50E900315EFE /* SceneDelegate.swift in Sources */ = {isa = PBXBuildFile; fileRef = D8387D7B288B50E900315EFE /* SceneDelegate.swift */; };
		D8387D7E288B50E900315EFE /* ViewController.swift in Sources */ = {isa = PBXBuildFile; fileRef = D8387D7D288B50E900315EFE /* ViewController.swift */; };
		D8387D81288B50E900315EFE /* Main.storyboard in Resources */ = {isa = PBXBuildFile; fileRef = D8387D7F288B50E900315EFE /* Main.storyboard */; };
		D8387D83288B50EB00315EFE /* Assets.xcassets in Resources */ = {isa = PBXBuildFile; fileRef = D8387D82288B50EB00315EFE /* Assets.xcassets */; };
		D8387D86288B50EB00315EFE /* LaunchScreen.storyboard in Resources */ = {isa = PBXBuildFile; fileRef = D8387D84288B50EB00315EFE /* LaunchScreen.storyboard */; };
		D84B1EAD288B585A0020D2FB /* BookListResults.swift in Sources */ = {isa = PBXBuildFile; fileRef = D84B1EAC288B585A0020D2FB /* BookListResults.swift */; };
		D84B1EAF288B5D470020D2FB /* APIManager.swift in Sources */ = {isa = PBXBuildFile; fileRef = D84B1EAE288B5D470020D2FB /* APIManager.swift */; };
/* End PBXBuildFile section */

/* Begin PBXFileReference section */
		D8387D76288B50E900315EFE /* NYTimes-BestSellers.app */ = {isa = PBXFileReference; explicitFileType = wrapper.application; includeInIndex = 0; path = "NYTimes-BestSellers.app"; sourceTree = BUILT_PRODUCTS_DIR; };
		D8387D79288B50E900315EFE /* AppDelegate.swift */ = {isa = PBXFileReference; lastKnownFileType = sourcecode.swift; path = AppDelegate.swift; sourceTree = "<group>"; };
		D8387D7B288B50E900315EFE /* SceneDelegate.swift */ = {isa = PBXFileReference; lastKnownFileType = sourcecode.swift; path = SceneDelegate.swift; sourceTree = "<group>"; };
		D8387D7D288B50E900315EFE /* ViewController.swift */ = {isa = PBXFileReference; lastKnownFileType = sourcecode.swift; path = ViewController.swift; sourceTree = "<group>"; };
		D8387D80288B50E900315EFE /* Base */ = {isa = PBXFileReference; lastKnownFileType = file.storyboard; name = Base; path = Base.lproj/Main.storyboard; sourceTree = "<group>"; };
		D8387D82288B50EB00315EFE /* Assets.xcassets */ = {isa = PBXFileReference; lastKnownFileType = folder.assetcatalog; path = Assets.xcassets; sourceTree = "<group>"; };
		D8387D85288B50EB00315EFE /* Base */ = {isa = PBXFileReference; lastKnownFileType = file.storyboard; name = Base; path = Base.lproj/LaunchScreen.storyboard; sourceTree = "<group>"; };
		D8387D87288B50EB00315EFE /* Info.plist */ = {isa = PBXFileReference; lastKnownFileType = text.plist.xml; path = Info.plist; sourceTree = "<group>"; };
		D84B1EAC288B585A0020D2FB /* BookListResults.swift */ = {isa = PBXFileReference; lastKnownFileType = sourcecode.swift; path = BookListResults.swift; sourceTree = "<group>"; };
		D84B1EAE288B5D470020D2FB /* APIManager.swift */ = {isa = PBXFileReference; lastKnownFileType = sourcecode.swift; path = APIManager.swift; sourceTree = "<group>"; };
/* End PBXFileReference section */

/* Begin PBXFrameworksBuildPhase section */
		D8387D73288B50E900315EFE /* Frameworks */ = {
			isa = PBXFrameworksBuildPhase;
			buildActionMask = 2147483647;
			files = (
			);
			runOnlyForDeploymentPostprocessing = 0;
		};
/* End PBXFrameworksBuildPhase section */

/* Begin PBXGroup section */
		D8387D6D288B50E900315EFE = {
			isa = PBXGroup;
			children = (
				D8387D78288B50E900315EFE /* NYTimes-BestSellers */,
				D8387D77288B50E900315EFE /* Products */,
			);
			sourceTree = "<group>";
		};
		D8387D77288B50E900315EFE /* Products */ = {
			isa = PBXGroup;
			children = (
				D8387D76288B50E900315EFE /* NYTimes-BestSellers.app */,
			);
			name = Products;
			sourceTree = "<group>";
		};
		D8387D78288B50E900315EFE /* NYTimes-BestSellers */ = {
			isa = PBXGroup;
			children = (
				D84B1EB0288B62010020D2FB /* View */,
				D8387D8D288B516500315EFE /* Model */,
				D8387D79288B50E900315EFE /* AppDelegate.swift */,
				D8387D7B288B50E900315EFE /* SceneDelegate.swift */,
				D8387D7F288B50E900315EFE /* Main.storyboard */,
				D8387D82288B50EB00315EFE /* Assets.xcassets */,
				D8387D84288B50EB00315EFE /* LaunchScreen.storyboard */,
				D8387D87288B50EB00315EFE /* Info.plist */,
			);
			path = "NYTimes-BestSellers";
			sourceTree = "<group>";
		};
		D8387D8D288B516500315EFE /* Model */ = {
			isa = PBXGroup;
			children = (
				D84B1EAC288B585A0020D2FB /* BookListResults.swift */,
				D84B1EAE288B5D470020D2FB /* APIManager.swift */,
			);
			path = Model;
			sourceTree = "<group>";
		};
		D84B1EB0288B62010020D2FB /* View */ = {
			isa = PBXGroup;
			children = (
				D8387D7D288B50E900315EFE /* ViewController.swift */,
			);
			path = View;
			sourceTree = "<group>";
		};
/* End PBXGroup section */

/* Begin PBXNativeTarget section */
		D8387D75288B50E900315EFE /* NYTimes-BestSellers */ = {
			isa = PBXNativeTarget;
			buildConfigurationList = D8387D8A288B50EB00315EFE /* Build configuration list for PBXNativeTarget "NYTimes-BestSellers" */;
			buildPhases = (
				D8387D72288B50E900315EFE /* Sources */,
				D8387D73288B50E900315EFE /* Frameworks */,
				D8387D74288B50E900315EFE /* Resources */,
			);
			buildRules = (
			);
			dependencies = (
			);
			name = "NYTimes-BestSellers";
			productName = "NYTimes-BestSellers";
			productReference = D8387D76288B50E900315EFE /* NYTimes-BestSellers.app */;
			productType = "com.apple.product-type.application";
		};
/* End PBXNativeTarget section */

/* Begin PBXProject section */
		D8387D6E288B50E900315EFE /* Project object */ = {
			isa = PBXProject;
			attributes = {
				BuildIndependentTargetsInParallel = 1;
				LastSwiftUpdateCheck = 1330;
				LastUpgradeCheck = 1330;
				TargetAttributes = {
					D8387D75288B50E900315EFE = {
						CreatedOnToolsVersion = 13.3;
					};
				};
			};
			buildConfigurationList = D8387D71288B50E900315EFE /* Build configuration list for PBXProject "NYTimes-BestSellers" */;
			compatibilityVersion = "Xcode 13.0";
			developmentRegion = en;
			hasScannedForEncodings = 0;
			knownRegions = (
				en,
				Base,
			);
			mainGroup = D8387D6D288B50E900315EFE;
			productRefGroup = D8387D77288B50E900315EFE /* Products */;
			projectDirPath = "";
			projectRoot = "";
			targets = (
				D8387D75288B50E900315EFE /* NYTimes-BestSellers */,
			);
		};
/* End PBXProject section */

/* Begin PBXResourcesBuildPhase section */
		D8387D74288B50E900315EFE /* Resources */ = {
			isa = PBXResourcesBuildPhase;
			buildActionMask = 2147483647;
			files = (
				D8387D86288B50EB00315EFE /* LaunchScreen.storyboard in Resources */,
				D8387D83288B50EB00315EFE /* Assets.xcassets in Resources */,
				D8387D81288B50E900315EFE /* Main.storyboard in Resources */,
			);
			runOnlyForDeploymentPostprocessing = 0;
		};
/* End PBXResourcesBuildPhase section */

/* Begin PBXSourcesBuildPhase section */
		D8387D72288B50E900315EFE /* Sources */ = {
			isa = PBXSourcesBuildPhase;
			buildActionMask = 2147483647;
			files = (
				D8387D7E288B50E900315EFE /* ViewController.swift in Sources */,
				D8387D7A288B50E900315EFE /* AppDelegate.swift in Sources */,
				D84B1EAF288B5D470020D2FB /* APIManager.swift in Sources */,
				D84B1EAD288B585A0020D2FB /* BookListResults.swift in Sources */,
				D8387D7C288B50E900315EFE /* SceneDelegate.swift in Sources */,
			);
			runOnlyForDeploymentPostprocessing = 0;
		};
/* End PBXSourcesBuildPhase section */

/* Begin PBXVariantGroup section */
		D8387D7F288B50E900315EFE /* Main.storyboard */ = {
			isa = PBXVariantGroup;
			children = (
				D8387D80288B50E900315EFE /* Base */,
			);
			name = Main.storyboard;
			sourceTree = "<group>";
		};
		D8387D84288B50EB00315EFE /* LaunchScreen.storyboard */ = {
			isa = PBXVariantGroup;
			children = (
				D8387D85288B50EB00315EFE /* Base */,
			);
			name = LaunchScreen.storyboard;
			sourceTree = "<group>";
		};
/* End PBXVariantGroup section */

/* Begin XCBuildConfiguration section */
		D8387D88288B50EB00315EFE /* Debug */ = {
			isa = XCBuildConfiguration;
			buildSettings = {
				ALWAYS_SEARCH_USER_PATHS = NO;
				CLANG_ANALYZER_NONNULL = YES;
				CLANG_ANALYZER_NUMBER_OBJECT_CONVERSION = YES_AGGRESSIVE;
				CLANG_CXX_LANGUAGE_STANDARD = "gnu++17";
				CLANG_ENABLE_MODULES = YES;
				CLANG_ENABLE_OBJC_ARC = YES;
				CLANG_ENABLE_OBJC_WEAK = YES;
				CLANG_WARN_BLOCK_CAPTURE_AUTORELEASING = YES;
				CLANG_WARN_BOOL_CONVERSION = YES;
				CLANG_WARN_COMMA = YES;
				CLANG_WARN_CONSTANT_CONVERSION = YES;
				CLANG_WARN_DEPRECATED_OBJC_IMPLEMENTATIONS = YES;
				CLANG_WARN_DIRECT_OBJC_ISA_USAGE = YES_ERROR;
				CLANG_WARN_DOCUMENTATION_COMMENTS = YES;
				CLANG_WARN_EMPTY_BODY = YES;
				CLANG_WARN_ENUM_CONVERSION = YES;
				CLANG_WARN_INFINITE_RECURSION = YES;
				CLANG_WARN_INT_CONVERSION = YES;
				CLANG_WARN_NON_LITERAL_NULL_CONVERSION = YES;
				CLANG_WARN_OBJC_IMPLICIT_RETAIN_SELF = YES;
				CLANG_WARN_OBJC_LITERAL_CONVERSION = YES;
				CLANG_WARN_OBJC_ROOT_CLASS = YES_ERROR;
				CLANG_WARN_QUOTED_INCLUDE_IN_FRAMEWORK_HEADER = YES;
				CLANG_WARN_RANGE_LOOP_ANALYSIS = YES;
				CLANG_WARN_STRICT_PROTOTYPES = YES;
				CLANG_WARN_SUSPICIOUS_MOVE = YES;
				CLANG_WARN_UNGUARDED_AVAILABILITY = YES_AGGRESSIVE;
				CLANG_WARN_UNREACHABLE_CODE = YES;
				CLANG_WARN__DUPLICATE_METHOD_MATCH = YES;
				COPY_PHASE_STRIP = NO;
				DEBUG_INFORMATION_FORMAT = dwarf;
				ENABLE_STRICT_OBJC_MSGSEND = YES;
				ENABLE_TESTABILITY = YES;
				GCC_C_LANGUAGE_STANDARD = gnu11;
				GCC_DYNAMIC_NO_PIC = NO;
				GCC_NO_COMMON_BLOCKS = YES;
				GCC_OPTIMIZATION_LEVEL = 0;
				GCC_PREPROCESSOR_DEFINITIONS = (
					"DEBUG=1",
					"$(inherited)",
				);
				GCC_WARN_64_TO_32_BIT_CONVERSION = YES;
				GCC_WARN_ABOUT_RETURN_TYPE = YES_ERROR;
				GCC_WARN_UNDECLARED_SELECTOR = YES;
				GCC_WARN_UNINITIALIZED_AUTOS = YES_AGGRESSIVE;
				GCC_WARN_UNUSED_FUNCTION = YES;
				GCC_WARN_UNUSED_VARIABLE = YES;
				IPHONEOS_DEPLOYMENT_TARGET = 15.4;
				MTL_ENABLE_DEBUG_INFO = INCLUDE_SOURCE;
				MTL_FAST_MATH = YES;
				ONLY_ACTIVE_ARCH = YES;
				SDKROOT = iphoneos;
				SWIFT_ACTIVE_COMPILATION_CONDITIONS = DEBUG;
				SWIFT_OPTIMIZATION_LEVEL = "-Onone";
			};
			name = Debug;
		};
		D8387D89288B50EB00315EFE /* Release */ = {
			isa = XCBuildConfiguration;
			buildSettings = {
				ALWAYS_SEARCH_USER_PATHS = NO;
				CLANG_ANALYZER_NONNULL = YES;
				CLANG_ANALYZER_NUMBER_OBJECT_CONVERSION = YES_AGGRESSIVE;
				CLANG_CXX_LANGUAGE_STANDARD = "gnu++17";
				CLANG_ENABLE_MODULES = YES;
				CLANG_ENABLE_OBJC_ARC = YES;
				CLANG_ENABLE_OBJC_WEAK = YES;
				CLANG_WARN_BLOCK_CAPTURE_AUTORELEASING = YES;
				CLANG_WARN_BOOL_CONVERSION = YES;
				CLANG_WARN_COMMA = YES;
				CLANG_WARN_CONSTANT_CONVERSION = YES;
				CLANG_WARN_DEPRECATED_OBJC_IMPLEMENTATIONS = YES;
				CLANG_WARN_DIRECT_OBJC_ISA_USAGE = YES_ERROR;
				CLANG_WARN_DOCUMENTATION_COMMENTS = YES;
				CLANG_WARN_EMPTY_BODY = YES;
				CLANG_WARN_ENUM_CONVERSION = YES;
				CLANG_WARN_INFINITE_RECURSION = YES;
				CLANG_WARN_INT_CONVERSION = YES;
				CLANG_WARN_NON_LITERAL_NULL_CONVERSION = YES;
				CLANG_WARN_OBJC_IMPLICIT_RETAIN_SELF = YES;
				CLANG_WARN_OBJC_LITERAL_CONVERSION = YES;
				CLANG_WARN_OBJC_ROOT_CLASS = YES_ERROR;
				CLANG_WARN_QUOTED_INCLUDE_IN_FRAMEWORK_HEADER = YES;
				CLANG_WARN_RANGE_LOOP_ANALYSIS = YES;
				CLANG_WARN_STRICT_PROTOTYPES = YES;
				CLANG_WARN_SUSPICIOUS_MOVE = YES;
				CLANG_WARN_UNGUARDED_AVAILABILITY = YES_AGGRESSIVE;
				CLANG_WARN_UNREACHABLE_CODE = YES;
				CLANG_WARN__DUPLICATE_METHOD_MATCH = YES;
				COPY_PHASE_STRIP = NO;
				DEBUG_INFORMATION_FORMAT = "dwarf-with-dsym";
				ENABLE_NS_ASSERTIONS = NO;
				ENABLE_STRICT_OBJC_MSGSEND = YES;
				GCC_C_LANGUAGE_STANDARD = gnu11;
				GCC_NO_COMMON_BLOCKS = YES;
				GCC_WARN_64_TO_32_BIT_CONVERSION = YES;
				GCC_WARN_ABOUT_RETURN_TYPE = YES_ERROR;
				GCC_WARN_UNDECLARED_SELECTOR = YES;
				GCC_WARN_UNINITIALIZED_AUTOS = YES_AGGRESSIVE;
				GCC_WARN_UNUSED_FUNCTION = YES;
				GCC_WARN_UNUSED_VARIABLE = YES;
				IPHONEOS_DEPLOYMENT_TARGET = 15.4;
				MTL_ENABLE_DEBUG_INFO = NO;
				MTL_FAST_MATH = YES;
				SDKROOT = iphoneos;
				SWIFT_COMPILATION_MODE = wholemodule;
				SWIFT_OPTIMIZATION_LEVEL = "-O";
				VALIDATE_PRODUCT = YES;
			};
			name = Release;
		};
		D8387D8B288B50EB00315EFE /* Debug */ = {
			isa = XCBuildConfiguration;
			buildSettings = {
				ASSETCATALOG_COMPILER_APPICON_NAME = AppIcon;
				ASSETCATALOG_COMPILER_GLOBAL_ACCENT_COLOR_NAME = AccentColor;
				CODE_SIGN_STYLE = Automatic;
				CURRENT_PROJECT_VERSION = 1;
				GENERATE_INFOPLIST_FILE = YES;
				INFOPLIST_FILE = "NYTimes-BestSellers/Info.plist";
				INFOPLIST_KEY_UIApplicationSupportsIndirectInputEvents = YES;
				INFOPLIST_KEY_UILaunchStoryboardName = LaunchScreen;
				INFOPLIST_KEY_UIMainStoryboardFile = Main;
				INFOPLIST_KEY_UISupportedInterfaceOrientations_iPad = "UIInterfaceOrientationPortrait UIInterfaceOrientationPortraitUpsideDown UIInterfaceOrientationLandscapeLeft UIInterfaceOrientationLandscapeRight";
				INFOPLIST_KEY_UISupportedInterfaceOrientations_iPhone = "UIInterfaceOrientationPortrait UIInterfaceOrientationLandscapeLeft UIInterfaceOrientationLandscapeRight";
				LD_RUNPATH_SEARCH_PATHS = (
					"$(inherited)",
					"@executable_path/Frameworks",
				);
				MARKETING_VERSION = 1.0;
				PRODUCT_BUNDLE_IDENTIFIER = "com.fmustafa.NYTimes-BestSellers";
				PRODUCT_NAME = "$(TARGET_NAME)";
				SWIFT_EMIT_LOC_STRINGS = YES;
				SWIFT_VERSION = 5.0;
				TARGETED_DEVICE_FAMILY = "1,2";
			};
			name = Debug;
		};
		D8387D8C288B50EB00315EFE /* Release */ = {
			isa = XCBuildConfiguration;
			buildSettings = {
				ASSETCATALOG_COMPILER_APPICON_NAME = AppIcon;
				ASSETCATALOG_COMPILER_GLOBAL_ACCENT_COLOR_NAME = AccentColor;
				CODE_SIGN_STYLE = Automatic;
				CURRENT_PROJECT_VERSION = 1;
				GENERATE_INFOPLIST_FILE = YES;
				INFOPLIST_FILE = "NYTimes-BestSellers/Info.plist";
				INFOPLIST_KEY_UIApplicationSupportsIndirectInputEvents = YES;
				INFOPLIST_KEY_UILaunchStoryboardName = LaunchScreen;
				INFOPLIST_KEY_UIMainStoryboardFile = Main;
				INFOPLIST_KEY_UISupportedInterfaceOrientations_iPad = "UIInterfaceOrientationPortrait UIInterfaceOrientationPortraitUpsideDown UIInterfaceOrientationLandscapeLeft UIInterfaceOrientationLandscapeRight";
				INFOPLIST_KEY_UISupportedInterfaceOrientations_iPhone = "UIInterfaceOrientationPortrait UIInterfaceOrientationLandscapeLeft UIInterfaceOrientationLandscapeRight";
				LD_RUNPATH_SEARCH_PATHS = (
					"$(inherited)",
					"@executable_path/Frameworks",
				);
				MARKETING_VERSION = 1.0;
				PRODUCT_BUNDLE_IDENTIFIER = "com.fmustafa.NYTimes-BestSellers";
				PRODUCT_NAME = "$(TARGET_NAME)";
				SWIFT_EMIT_LOC_STRINGS = YES;
				SWIFT_VERSION = 5.0;
				TARGETED_DEVICE_FAMILY = "1,2";
			};
			name = Release;
		};
/* End XCBuildConfiguration section */

/* Begin XCConfigurationList section */
		D8387D71288B50E900315EFE /* Build configuration list for PBXProject "NYTimes-BestSellers" */ = {
			isa = XCConfigurationList;
			buildConfigurations = (
				D8387D88288B50EB00315EFE /* Debug */,
				D8387D89288B50EB00315EFE /* Release */,
			);
			defaultConfigurationIsVisible = 0;
			defaultConfigurationName = Release;
		};
		D8387D8A288B50EB00315EFE /* Build configuration list for PBXNativeTarget "NYTimes-BestSellers" */ = {
			isa = XCConfigurationList;
			buildConfigurations = (
				D8387D8B288B50EB00315EFE /* Debug */,
				D8387D8C288B50EB00315EFE /* Release */,
			);
			defaultConfigurationIsVisible = 0;
			defaultConfigurationName = Release;
		};
/* End XCConfigurationList section */
	};
	rootObject = D8387D6E288B50E900315EFE /* Project object */;
}
